{
  "object": {
    "pins": [
      {
        "package": "gis-tools",
        "repositoryURL": "https://github.com/Outdooractive/gis-tools",
        "state": {
          "branch": null,
          "revision": "6ec860ce28c7e9ca9af282e8cb0a498f14180cb4",
          "version": "0.2.5"
        }
      },
      {
        "package": "SwiftProtobuf",
        "repositoryURL": "https://github.com/apple/swift-protobuf",
        "state": {
          "branch": null,
          "revision": "1f62db409f2c9b0223a3f68567b4a01333aae778",
          "version": "1.17.0"
        }
      }
    ]
  },
  "version": 1
}
