{
  "object": {
    "pins": [
      {
        "package": "gis-tools",
        "repositoryURL": "https://github.com/Outdooractive/gis-tools",
        "state": {
          "branch": null,
          "revision": "069dc9097ba6b437aaace2581f8989268a670264",
          "version": "0.3.3"
        }
      },
      {
        "package": "SwiftProtobuf",
        "repositoryURL": "https://github.com/apple/swift-protobuf",
        "state": {
          "branch": null,
          "revision": "e1499bc69b9040b29184f7f2996f7bab467c1639",
          "version": "1.19.0"
        }
      }
    ]
  },
  "version": 1
}
