{
  "object": {
    "pins": [
      {
        "package": "gis-tools",
        "repositoryURL": "https://github.com/Outdooractive/gis-tools",
        "state": {
          "branch": null,
          "revision": "d194a91f1e27d0636b4d6dcb7bca625f6efc5d88",
          "version": "0.2.18"
        }
      },
      {
        "package": "SwiftProtobuf",
        "repositoryURL": "https://github.com/apple/swift-protobuf",
        "state": {
          "branch": null,
          "revision": "7e2c5f3cbbeea68e004915e3a8961e20bd11d824",
          "version": "1.18.0"
        }
      }
    ]
  },
  "version": 1
}
